// !$*UTF8*$!
{
	archiveVersion = 1;
	classes = {
	};
	objectVersion = 56;
	objects = {

/* Begin PBXBuildFile section */
		C50D70832B93CE1E0099B09C /* Word2Vec4KidsApp.swift in Sources */ = {isa = PBXBuildFile; fileRef = C50D70822B93CE1E0099B09C /* Word2Vec4KidsApp.swift */; };
		C50D70852B93CE1E0099B09C /* ContentView.swift in Sources */ = {isa = PBXBuildFile; fileRef = C50D70842B93CE1E0099B09C /* ContentView.swift */; };
		C50D70872B93CE200099B09C /* Assets.xcassets in Resources */ = {isa = PBXBuildFile; fileRef = C50D70862B93CE200099B09C /* Assets.xcassets */; };
		C50D708A2B93CE200099B09C /* Preview Assets.xcassets in Resources */ = {isa = PBXBuildFile; fileRef = C50D70892B93CE200099B09C /* Preview Assets.xcassets */; };
		C50D70952B93CE210099B09C /* Word2Vec4KidsTests.swift in Sources */ = {isa = PBXBuildFile; fileRef = C50D70942B93CE210099B09C /* Word2Vec4KidsTests.swift */; };
		C50D709F2B93CE210099B09C /* Word2Vec4KidsUITests.swift in Sources */ = {isa = PBXBuildFile; fileRef = C50D709E2B93CE210099B09C /* Word2Vec4KidsUITests.swift */; };
		C50D70A12B93CE210099B09C /* Word2Vec4KidsUITestsLaunchTests.swift in Sources */ = {isa = PBXBuildFile; fileRef = C50D70A02B93CE210099B09C /* Word2Vec4KidsUITestsLaunchTests.swift */; };
		C50D70AF2B93D57B0099B09C /* QnA.swift in Sources */ = {isa = PBXBuildFile; fileRef = C50D70AE2B93D57B0099B09C /* QnA.swift */; };
		C50D70B22B93E7BD0099B09C /* CustomWordEmbedding in Frameworks */ = {isa = PBXBuildFile; productRef = C50D70B12B93E7BD0099B09C /* CustomWordEmbedding */; };
		C50D70B82B93F90E0099B09C /* QuestionView.swift in Sources */ = {isa = PBXBuildFile; fileRef = C50D70B72B93F90E0099B09C /* QuestionView.swift */; };
		C50D70BA2B9441E80099B09C /* WordArithmeticManager.swift in Sources */ = {isa = PBXBuildFile; fileRef = C50D70B92B9441E80099B09C /* WordArithmeticManager.swift */; };
		C50D70BC2B94CAB30099B09C /* SingletonEmbedding.swift in Sources */ = {isa = PBXBuildFile; fileRef = C50D70BB2B94CAB30099B09C /* SingletonEmbedding.swift */; };
		C526269C2BA6C5540072AE81 /* MadLibsView.swift in Sources */ = {isa = PBXBuildFile; fileRef = C526269B2BA6C5540072AE81 /* MadLibsView.swift */; };
		C5316D4D2BA3940800A83D89 /* User.swift in Sources */ = {isa = PBXBuildFile; fileRef = C5316D4C2BA3940800A83D89 /* User.swift */; };
		C5316D4F2BA3981800A83D89 /* WelcomeView.swift in Sources */ = {isa = PBXBuildFile; fileRef = C5316D4E2BA3981800A83D89 /* WelcomeView.swift */; };
		C59940542B976B0F009A6599 /* CustomButton.swift in Sources */ = {isa = PBXBuildFile; fileRef = C59940532B976B0F009A6599 /* CustomButton.swift */; };
/* End PBXBuildFile section */

/* Begin PBXContainerItemProxy section */
		C50D70912B93CE210099B09C /* PBXContainerItemProxy */ = {
			isa = PBXContainerItemProxy;
			containerPortal = C50D70772B93CE1E0099B09C /* Project object */;
			proxyType = 1;
			remoteGlobalIDString = C50D707E2B93CE1E0099B09C;
			remoteInfo = Word2Vec4Kids;
		};
		C50D709B2B93CE210099B09C /* PBXContainerItemProxy */ = {
			isa = PBXContainerItemProxy;
			containerPortal = C50D70772B93CE1E0099B09C /* Project object */;
			proxyType = 1;
			remoteGlobalIDString = C50D707E2B93CE1E0099B09C;
			remoteInfo = Word2Vec4Kids;
		};
/* End PBXContainerItemProxy section */

/* Begin PBXFileReference section */
		C50D707F2B93CE1E0099B09C /* Word2Vec4Kids.app */ = {isa = PBXFileReference; explicitFileType = wrapper.application; includeInIndex = 0; path = Word2Vec4Kids.app; sourceTree = BUILT_PRODUCTS_DIR; };
		C50D70822B93CE1E0099B09C /* Word2Vec4KidsApp.swift */ = {isa = PBXFileReference; lastKnownFileType = sourcecode.swift; path = Word2Vec4KidsApp.swift; sourceTree = "<group>"; };
		C50D70842B93CE1E0099B09C /* ContentView.swift */ = {isa = PBXFileReference; lastKnownFileType = sourcecode.swift; path = ContentView.swift; sourceTree = "<group>"; };
		C50D70862B93CE200099B09C /* Assets.xcassets */ = {isa = PBXFileReference; lastKnownFileType = folder.assetcatalog; path = Assets.xcassets; sourceTree = "<group>"; };
		C50D70892B93CE200099B09C /* Preview Assets.xcassets */ = {isa = PBXFileReference; lastKnownFileType = folder.assetcatalog; path = "Preview Assets.xcassets"; sourceTree = "<group>"; };
		C50D708B2B93CE200099B09C /* Word2Vec4Kids.entitlements */ = {isa = PBXFileReference; lastKnownFileType = text.plist.entitlements; path = Word2Vec4Kids.entitlements; sourceTree = "<group>"; };
		C50D70902B93CE210099B09C /* Word2Vec4KidsTests.xctest */ = {isa = PBXFileReference; explicitFileType = wrapper.cfbundle; includeInIndex = 0; path = Word2Vec4KidsTests.xctest; sourceTree = BUILT_PRODUCTS_DIR; };
		C50D70942B93CE210099B09C /* Word2Vec4KidsTests.swift */ = {isa = PBXFileReference; lastKnownFileType = sourcecode.swift; path = Word2Vec4KidsTests.swift; sourceTree = "<group>"; };
		C50D709A2B93CE210099B09C /* Word2Vec4KidsUITests.xctest */ = {isa = PBXFileReference; explicitFileType = wrapper.cfbundle; includeInIndex = 0; path = Word2Vec4KidsUITests.xctest; sourceTree = BUILT_PRODUCTS_DIR; };
		C50D709E2B93CE210099B09C /* Word2Vec4KidsUITests.swift */ = {isa = PBXFileReference; lastKnownFileType = sourcecode.swift; path = Word2Vec4KidsUITests.swift; sourceTree = "<group>"; };
		C50D70A02B93CE210099B09C /* Word2Vec4KidsUITestsLaunchTests.swift */ = {isa = PBXFileReference; lastKnownFileType = sourcecode.swift; path = Word2Vec4KidsUITestsLaunchTests.swift; sourceTree = "<group>"; };
		C50D70AE2B93D57B0099B09C /* QnA.swift */ = {isa = PBXFileReference; lastKnownFileType = sourcecode.swift; path = QnA.swift; sourceTree = "<group>"; };
		C50D70B72B93F90E0099B09C /* QuestionView.swift */ = {isa = PBXFileReference; lastKnownFileType = sourcecode.swift; path = QuestionView.swift; sourceTree = "<group>"; };
		C50D70B92B9441E80099B09C /* WordArithmeticManager.swift */ = {isa = PBXFileReference; lastKnownFileType = sourcecode.swift; path = WordArithmeticManager.swift; sourceTree = "<group>"; };
		C50D70BB2B94CAB30099B09C /* SingletonEmbedding.swift */ = {isa = PBXFileReference; lastKnownFileType = sourcecode.swift; path = SingletonEmbedding.swift; sourceTree = "<group>"; };
		C526269B2BA6C5540072AE81 /* MadLibsView.swift */ = {isa = PBXFileReference; lastKnownFileType = sourcecode.swift; path = MadLibsView.swift; sourceTree = "<group>"; };
		C5316D4C2BA3940800A83D89 /* User.swift */ = {isa = PBXFileReference; lastKnownFileType = sourcecode.swift; path = User.swift; sourceTree = "<group>"; };
		C5316D4E2BA3981800A83D89 /* WelcomeView.swift */ = {isa = PBXFileReference; lastKnownFileType = sourcecode.swift; path = WelcomeView.swift; sourceTree = "<group>"; };
		C59940532B976B0F009A6599 /* CustomButton.swift */ = {isa = PBXFileReference; lastKnownFileType = sourcecode.swift; path = CustomButton.swift; sourceTree = "<group>"; };
/* End PBXFileReference section */

/* Begin PBXFrameworksBuildPhase section */
		C50D707C2B93CE1E0099B09C /* Frameworks */ = {
			isa = PBXFrameworksBuildPhase;
			buildActionMask = 2147483647;
			files = (
				C50D70B22B93E7BD0099B09C /* CustomWordEmbedding in Frameworks */,
			);
			runOnlyForDeploymentPostprocessing = 0;
		};
		C50D708D2B93CE210099B09C /* Frameworks */ = {
			isa = PBXFrameworksBuildPhase;
			buildActionMask = 2147483647;
			files = (
			);
			runOnlyForDeploymentPostprocessing = 0;
		};
		C50D70972B93CE210099B09C /* Frameworks */ = {
			isa = PBXFrameworksBuildPhase;
			buildActionMask = 2147483647;
			files = (
			);
			runOnlyForDeploymentPostprocessing = 0;
		};
/* End PBXFrameworksBuildPhase section */

/* Begin PBXGroup section */
		C50D70762B93CE1E0099B09C = {
			isa = PBXGroup;
			children = (
				C50D70812B93CE1E0099B09C /* Word2Vec4Kids */,
				C50D70932B93CE210099B09C /* Word2Vec4KidsTests */,
				C50D709D2B93CE210099B09C /* Word2Vec4KidsUITests */,
				C50D70802B93CE1E0099B09C /* Products */,
			);
			sourceTree = "<group>";
		};
		C50D70802B93CE1E0099B09C /* Products */ = {
			isa = PBXGroup;
			children = (
				C50D707F2B93CE1E0099B09C /* Word2Vec4Kids.app */,
				C50D70902B93CE210099B09C /* Word2Vec4KidsTests.xctest */,
				C50D709A2B93CE210099B09C /* Word2Vec4KidsUITests.xctest */,
			);
			name = Products;
			sourceTree = "<group>";
		};
		C50D70812B93CE1E0099B09C /* Word2Vec4Kids */ = {
			isa = PBXGroup;
			children = (
				C50D70B62B93F81E0099B09C /* View */,
				C50D70822B93CE1E0099B09C /* Word2Vec4KidsApp.swift */,
				C50D70842B93CE1E0099B09C /* ContentView.swift */,
				C50D70AD2B93D3530099B09C /* Model */,
				C50D70862B93CE200099B09C /* Assets.xcassets */,
				C50D708B2B93CE200099B09C /* Word2Vec4Kids.entitlements */,
				C50D70882B93CE200099B09C /* Preview Content */,
			);
			path = Word2Vec4Kids;
			sourceTree = "<group>";
		};
		C50D70882B93CE200099B09C /* Preview Content */ = {
			isa = PBXGroup;
			children = (
				C50D70892B93CE200099B09C /* Preview Assets.xcassets */,
			);
			path = "Preview Content";
			sourceTree = "<group>";
		};
		C50D70932B93CE210099B09C /* Word2Vec4KidsTests */ = {
			isa = PBXGroup;
			children = (
				C50D70942B93CE210099B09C /* Word2Vec4KidsTests.swift */,
			);
			path = Word2Vec4KidsTests;
			sourceTree = "<group>";
		};
		C50D709D2B93CE210099B09C /* Word2Vec4KidsUITests */ = {
			isa = PBXGroup;
			children = (
				C50D709E2B93CE210099B09C /* Word2Vec4KidsUITests.swift */,
				C50D70A02B93CE210099B09C /* Word2Vec4KidsUITestsLaunchTests.swift */,
			);
			path = Word2Vec4KidsUITests;
			sourceTree = "<group>";
		};
		C50D70AD2B93D3530099B09C /* Model */ = {
			isa = PBXGroup;
			children = (
				C50D70AE2B93D57B0099B09C /* QnA.swift */,
				C50D70B92B9441E80099B09C /* WordArithmeticManager.swift */,
				C50D70BB2B94CAB30099B09C /* SingletonEmbedding.swift */,
				C5316D4C2BA3940800A83D89 /* User.swift */,
			);
			path = Model;
			sourceTree = "<group>";
		};
		C50D70B62B93F81E0099B09C /* View */ = {
			isa = PBXGroup;
			children = (
				C50D70B72B93F90E0099B09C /* QuestionView.swift */,
				C59940532B976B0F009A6599 /* CustomButton.swift */,
				C5316D4E2BA3981800A83D89 /* WelcomeView.swift */,
				C526269B2BA6C5540072AE81 /* MadLibsView.swift */,
			);
			path = View;
			sourceTree = "<group>";
		};
/* End PBXGroup section */

/* Begin PBXNativeTarget section */
		C50D707E2B93CE1E0099B09C /* Word2Vec4Kids */ = {
			isa = PBXNativeTarget;
			buildConfigurationList = C50D70A42B93CE210099B09C /* Build configuration list for PBXNativeTarget "Word2Vec4Kids" */;
			buildPhases = (
				C50D707B2B93CE1E0099B09C /* Sources */,
				C50D707C2B93CE1E0099B09C /* Frameworks */,
				C50D707D2B93CE1E0099B09C /* Resources */,
			);
			buildRules = (
			);
			dependencies = (
			);
			name = Word2Vec4Kids;
			packageProductDependencies = (
				C50D70B12B93E7BD0099B09C /* CustomWordEmbedding */,
			);
			productName = Word2Vec4Kids;
			productReference = C50D707F2B93CE1E0099B09C /* Word2Vec4Kids.app */;
			productType = "com.apple.product-type.application";
		};
		C50D708F2B93CE210099B09C /* Word2Vec4KidsTests */ = {
			isa = PBXNativeTarget;
			buildConfigurationList = C50D70A72B93CE210099B09C /* Build configuration list for PBXNativeTarget "Word2Vec4KidsTests" */;
			buildPhases = (
				C50D708C2B93CE210099B09C /* Sources */,
				C50D708D2B93CE210099B09C /* Frameworks */,
				C50D708E2B93CE210099B09C /* Resources */,
			);
			buildRules = (
			);
			dependencies = (
				C50D70922B93CE210099B09C /* PBXTargetDependency */,
			);
			name = Word2Vec4KidsTests;
			productName = Word2Vec4KidsTests;
			productReference = C50D70902B93CE210099B09C /* Word2Vec4KidsTests.xctest */;
			productType = "com.apple.product-type.bundle.unit-test";
		};
		C50D70992B93CE210099B09C /* Word2Vec4KidsUITests */ = {
			isa = PBXNativeTarget;
			buildConfigurationList = C50D70AA2B93CE210099B09C /* Build configuration list for PBXNativeTarget "Word2Vec4KidsUITests" */;
			buildPhases = (
				C50D70962B93CE210099B09C /* Sources */,
				C50D70972B93CE210099B09C /* Frameworks */,
				C50D70982B93CE210099B09C /* Resources */,
			);
			buildRules = (
			);
			dependencies = (
				C50D709C2B93CE210099B09C /* PBXTargetDependency */,
			);
			name = Word2Vec4KidsUITests;
			productName = Word2Vec4KidsUITests;
			productReference = C50D709A2B93CE210099B09C /* Word2Vec4KidsUITests.xctest */;
			productType = "com.apple.product-type.bundle.ui-testing";
		};
/* End PBXNativeTarget section */

/* Begin PBXProject section */
		C50D70772B93CE1E0099B09C /* Project object */ = {
			isa = PBXProject;
			attributes = {
				BuildIndependentTargetsInParallel = 1;
				LastSwiftUpdateCheck = 1520;
				LastUpgradeCheck = 1520;
				TargetAttributes = {
					C50D707E2B93CE1E0099B09C = {
						CreatedOnToolsVersion = 15.2;
					};
					C50D708F2B93CE210099B09C = {
						CreatedOnToolsVersion = 15.2;
						TestTargetID = C50D707E2B93CE1E0099B09C;
					};
					C50D70992B93CE210099B09C = {
						CreatedOnToolsVersion = 15.2;
						TestTargetID = C50D707E2B93CE1E0099B09C;
					};
				};
			};
			buildConfigurationList = C50D707A2B93CE1E0099B09C /* Build configuration list for PBXProject "Word2Vec4Kids" */;
			compatibilityVersion = "Xcode 14.0";
			developmentRegion = en;
			hasScannedForEncodings = 0;
			knownRegions = (
				en,
				Base,
			);
			mainGroup = C50D70762B93CE1E0099B09C;
			packageReferences = (
				C50D70B02B93E7BD0099B09C /* XCRemoteSwiftPackageReference "CustomWordEmbeddingPackage" */,
			);
			productRefGroup = C50D70802B93CE1E0099B09C /* Products */;
			projectDirPath = "";
			projectRoot = "";
			targets = (
				C50D707E2B93CE1E0099B09C /* Word2Vec4Kids */,
				C50D708F2B93CE210099B09C /* Word2Vec4KidsTests */,
				C50D70992B93CE210099B09C /* Word2Vec4KidsUITests */,
			);
		};
/* End PBXProject section */

/* Begin PBXResourcesBuildPhase section */
		C50D707D2B93CE1E0099B09C /* Resources */ = {
			isa = PBXResourcesBuildPhase;
			buildActionMask = 2147483647;
			files = (
				C50D708A2B93CE200099B09C /* Preview Assets.xcassets in Resources */,
				C50D70872B93CE200099B09C /* Assets.xcassets in Resources */,
			);
			runOnlyForDeploymentPostprocessing = 0;
		};
		C50D708E2B93CE210099B09C /* Resources */ = {
			isa = PBXResourcesBuildPhase;
			buildActionMask = 2147483647;
			files = (
			);
			runOnlyForDeploymentPostprocessing = 0;
		};
		C50D70982B93CE210099B09C /* Resources */ = {
			isa = PBXResourcesBuildPhase;
			buildActionMask = 2147483647;
			files = (
			);
			runOnlyForDeploymentPostprocessing = 0;
		};
/* End PBXResourcesBuildPhase section */

/* Begin PBXSourcesBuildPhase section */
		C50D707B2B93CE1E0099B09C /* Sources */ = {
			isa = PBXSourcesBuildPhase;
			buildActionMask = 2147483647;
			files = (
				C50D70B82B93F90E0099B09C /* QuestionView.swift in Sources */,
				C50D70852B93CE1E0099B09C /* ContentView.swift in Sources */,
				C50D70BA2B9441E80099B09C /* WordArithmeticManager.swift in Sources */,
				C526269C2BA6C5540072AE81 /* MadLibsView.swift in Sources */,
				C50D70BC2B94CAB30099B09C /* SingletonEmbedding.swift in Sources */,
				C5316D4F2BA3981800A83D89 /* WelcomeView.swift in Sources */,
				C5316D4D2BA3940800A83D89 /* User.swift in Sources */,
				C59940542B976B0F009A6599 /* CustomButton.swift in Sources */,
				C50D70AF2B93D57B0099B09C /* QnA.swift in Sources */,
				C50D70832B93CE1E0099B09C /* Word2Vec4KidsApp.swift in Sources */,
			);
			runOnlyForDeploymentPostprocessing = 0;
		};
		C50D708C2B93CE210099B09C /* Sources */ = {
			isa = PBXSourcesBuildPhase;
			buildActionMask = 2147483647;
			files = (
				C50D70952B93CE210099B09C /* Word2Vec4KidsTests.swift in Sources */,
			);
			runOnlyForDeploymentPostprocessing = 0;
		};
		C50D70962B93CE210099B09C /* Sources */ = {
			isa = PBXSourcesBuildPhase;
			buildActionMask = 2147483647;
			files = (
				C50D70A12B93CE210099B09C /* Word2Vec4KidsUITestsLaunchTests.swift in Sources */,
				C50D709F2B93CE210099B09C /* Word2Vec4KidsUITests.swift in Sources */,
			);
			runOnlyForDeploymentPostprocessing = 0;
		};
/* End PBXSourcesBuildPhase section */

/* Begin PBXTargetDependency section */
		C50D70922B93CE210099B09C /* PBXTargetDependency */ = {
			isa = PBXTargetDependency;
			target = C50D707E2B93CE1E0099B09C /* Word2Vec4Kids */;
			targetProxy = C50D70912B93CE210099B09C /* PBXContainerItemProxy */;
		};
		C50D709C2B93CE210099B09C /* PBXTargetDependency */ = {
			isa = PBXTargetDependency;
			target = C50D707E2B93CE1E0099B09C /* Word2Vec4Kids */;
			targetProxy = C50D709B2B93CE210099B09C /* PBXContainerItemProxy */;
		};
/* End PBXTargetDependency section */

/* Begin XCBuildConfiguration section */
		C50D70A22B93CE210099B09C /* Debug */ = {
			isa = XCBuildConfiguration;
			buildSettings = {
				ALWAYS_SEARCH_USER_PATHS = NO;
				ASSETCATALOG_COMPILER_GENERATE_SWIFT_ASSET_SYMBOL_EXTENSIONS = YES;
				CLANG_ANALYZER_NONNULL = YES;
				CLANG_ANALYZER_NUMBER_OBJECT_CONVERSION = YES_AGGRESSIVE;
				CLANG_CXX_LANGUAGE_STANDARD = "gnu++20";
				CLANG_ENABLE_MODULES = YES;
				CLANG_ENABLE_OBJC_ARC = YES;
				CLANG_ENABLE_OBJC_WEAK = YES;
				CLANG_WARN_BLOCK_CAPTURE_AUTORELEASING = YES;
				CLANG_WARN_BOOL_CONVERSION = YES;
				CLANG_WARN_COMMA = YES;
				CLANG_WARN_CONSTANT_CONVERSION = YES;
				CLANG_WARN_DEPRECATED_OBJC_IMPLEMENTATIONS = YES;
				CLANG_WARN_DIRECT_OBJC_ISA_USAGE = YES_ERROR;
				CLANG_WARN_DOCUMENTATION_COMMENTS = YES;
				CLANG_WARN_EMPTY_BODY = YES;
				CLANG_WARN_ENUM_CONVERSION = YES;
				CLANG_WARN_INFINITE_RECURSION = YES;
				CLANG_WARN_INT_CONVERSION = YES;
				CLANG_WARN_NON_LITERAL_NULL_CONVERSION = YES;
				CLANG_WARN_OBJC_IMPLICIT_RETAIN_SELF = YES;
				CLANG_WARN_OBJC_LITERAL_CONVERSION = YES;
				CLANG_WARN_OBJC_ROOT_CLASS = YES_ERROR;
				CLANG_WARN_QUOTED_INCLUDE_IN_FRAMEWORK_HEADER = YES;
				CLANG_WARN_RANGE_LOOP_ANALYSIS = YES;
				CLANG_WARN_STRICT_PROTOTYPES = YES;
				CLANG_WARN_SUSPICIOUS_MOVE = YES;
				CLANG_WARN_UNGUARDED_AVAILABILITY = YES_AGGRESSIVE;
				CLANG_WARN_UNREACHABLE_CODE = YES;
				CLANG_WARN__DUPLICATE_METHOD_MATCH = YES;
				COPY_PHASE_STRIP = NO;
				DEBUG_INFORMATION_FORMAT = dwarf;
				ENABLE_STRICT_OBJC_MSGSEND = YES;
				ENABLE_TESTABILITY = YES;
				ENABLE_USER_SCRIPT_SANDBOXING = YES;
				GCC_C_LANGUAGE_STANDARD = gnu17;
				GCC_DYNAMIC_NO_PIC = NO;
				GCC_NO_COMMON_BLOCKS = YES;
				GCC_OPTIMIZATION_LEVEL = 0;
				GCC_PREPROCESSOR_DEFINITIONS = (
					"DEBUG=1",
					"$(inherited)",
				);
				GCC_WARN_64_TO_32_BIT_CONVERSION = YES;
				GCC_WARN_ABOUT_RETURN_TYPE = YES_ERROR;
				GCC_WARN_UNDECLARED_SELECTOR = YES;
				GCC_WARN_UNINITIALIZED_AUTOS = YES_AGGRESSIVE;
				GCC_WARN_UNUSED_FUNCTION = YES;
				GCC_WARN_UNUSED_VARIABLE = YES;
				LOCALIZATION_PREFERS_STRING_CATALOGS = YES;
				MACOSX_DEPLOYMENT_TARGET = 14.2;
				MTL_ENABLE_DEBUG_INFO = INCLUDE_SOURCE;
				MTL_FAST_MATH = YES;
				ONLY_ACTIVE_ARCH = YES;
				SDKROOT = macosx;
				SWIFT_ACTIVE_COMPILATION_CONDITIONS = "DEBUG $(inherited)";
				SWIFT_OPTIMIZATION_LEVEL = "-Onone";
			};
			name = Debug;
		};
		C50D70A32B93CE210099B09C /* Release */ = {
			isa = XCBuildConfiguration;
			buildSettings = {
				ALWAYS_SEARCH_USER_PATHS = NO;
				ASSETCATALOG_COMPILER_GENERATE_SWIFT_ASSET_SYMBOL_EXTENSIONS = YES;
				CLANG_ANALYZER_NONNULL = YES;
				CLANG_ANALYZER_NUMBER_OBJECT_CONVERSION = YES_AGGRESSIVE;
				CLANG_CXX_LANGUAGE_STANDARD = "gnu++20";
				CLANG_ENABLE_MODULES = YES;
				CLANG_ENABLE_OBJC_ARC = YES;
				CLANG_ENABLE_OBJC_WEAK = YES;
				CLANG_WARN_BLOCK_CAPTURE_AUTORELEASING = YES;
				CLANG_WARN_BOOL_CONVERSION = YES;
				CLANG_WARN_COMMA = YES;
				CLANG_WARN_CONSTANT_CONVERSION = YES;
				CLANG_WARN_DEPRECATED_OBJC_IMPLEMENTATIONS = YES;
				CLANG_WARN_DIRECT_OBJC_ISA_USAGE = YES_ERROR;
				CLANG_WARN_DOCUMENTATION_COMMENTS = YES;
				CLANG_WARN_EMPTY_BODY = YES;
				CLANG_WARN_ENUM_CONVERSION = YES;
				CLANG_WARN_INFINITE_RECURSION = YES;
				CLANG_WARN_INT_CONVERSION = YES;
				CLANG_WARN_NON_LITERAL_NULL_CONVERSION = YES;
				CLANG_WARN_OBJC_IMPLICIT_RETAIN_SELF = YES;
				CLANG_WARN_OBJC_LITERAL_CONVERSION = YES;
				CLANG_WARN_OBJC_ROOT_CLASS = YES_ERROR;
				CLANG_WARN_QUOTED_INCLUDE_IN_FRAMEWORK_HEADER = YES;
				CLANG_WARN_RANGE_LOOP_ANALYSIS = YES;
				CLANG_WARN_STRICT_PROTOTYPES = YES;
				CLANG_WARN_SUSPICIOUS_MOVE = YES;
				CLANG_WARN_UNGUARDED_AVAILABILITY = YES_AGGRESSIVE;
				CLANG_WARN_UNREACHABLE_CODE = YES;
				CLANG_WARN__DUPLICATE_METHOD_MATCH = YES;
				COPY_PHASE_STRIP = NO;
				DEBUG_INFORMATION_FORMAT = "dwarf-with-dsym";
				ENABLE_NS_ASSERTIONS = NO;
				ENABLE_STRICT_OBJC_MSGSEND = YES;
				ENABLE_USER_SCRIPT_SANDBOXING = YES;
				GCC_C_LANGUAGE_STANDARD = gnu17;
				GCC_NO_COMMON_BLOCKS = YES;
				GCC_WARN_64_TO_32_BIT_CONVERSION = YES;
				GCC_WARN_ABOUT_RETURN_TYPE = YES_ERROR;
				GCC_WARN_UNDECLARED_SELECTOR = YES;
				GCC_WARN_UNINITIALIZED_AUTOS = YES_AGGRESSIVE;
				GCC_WARN_UNUSED_FUNCTION = YES;
				GCC_WARN_UNUSED_VARIABLE = YES;
				LOCALIZATION_PREFERS_STRING_CATALOGS = YES;
				MACOSX_DEPLOYMENT_TARGET = 14.2;
				MTL_ENABLE_DEBUG_INFO = NO;
				MTL_FAST_MATH = YES;
				SDKROOT = macosx;
				SWIFT_COMPILATION_MODE = wholemodule;
			};
			name = Release;
		};
		C50D70A52B93CE210099B09C /* Debug */ = {
			isa = XCBuildConfiguration;
			buildSettings = {
				ASSETCATALOG_COMPILER_APPICON_NAME = AppIcon;
				ASSETCATALOG_COMPILER_GLOBAL_ACCENT_COLOR_NAME = AccentColor;
				CODE_SIGN_ENTITLEMENTS = Word2Vec4Kids/Word2Vec4Kids.entitlements;
				CODE_SIGN_STYLE = Automatic;
				COMBINE_HIDPI_IMAGES = YES;
				CURRENT_PROJECT_VERSION = 1;
				DEVELOPMENT_ASSET_PATHS = "\"Word2Vec4Kids/Preview Content\"";
				ENABLE_PREVIEWS = YES;
				GENERATE_INFOPLIST_FILE = YES;
				INFOPLIST_KEY_NSHumanReadableCopyright = "";
				LD_RUNPATH_SEARCH_PATHS = (
					"$(inherited)",
					"@executable_path/../Frameworks",
				);
				MARKETING_VERSION = 1.0;
				PRODUCT_BUNDLE_IDENTIFIER = "Yash-Verma.Word2Vec4Kids";
				PRODUCT_NAME = "$(TARGET_NAME)";
				SWIFT_EMIT_LOC_STRINGS = YES;
				SWIFT_VERSION = 5.0;
			};
			name = Debug;
		};
		C50D70A62B93CE210099B09C /* Release */ = {
			isa = XCBuildConfiguration;
			buildSettings = {
				ASSETCATALOG_COMPILER_APPICON_NAME = AppIcon;
				ASSETCATALOG_COMPILER_GLOBAL_ACCENT_COLOR_NAME = AccentColor;
				CODE_SIGN_ENTITLEMENTS = Word2Vec4Kids/Word2Vec4Kids.entitlements;
				CODE_SIGN_STYLE = Automatic;
				COMBINE_HIDPI_IMAGES = YES;
				CURRENT_PROJECT_VERSION = 1;
				DEVELOPMENT_ASSET_PATHS = "\"Word2Vec4Kids/Preview Content\"";
				ENABLE_PREVIEWS = YES;
				GENERATE_INFOPLIST_FILE = YES;
				INFOPLIST_KEY_NSHumanReadableCopyright = "";
				LD_RUNPATH_SEARCH_PATHS = (
					"$(inherited)",
					"@executable_path/../Frameworks",
				);
				MARKETING_VERSION = 1.0;
				PRODUCT_BUNDLE_IDENTIFIER = "Yash-Verma.Word2Vec4Kids";
				PRODUCT_NAME = "$(TARGET_NAME)";
				SWIFT_EMIT_LOC_STRINGS = YES;
				SWIFT_VERSION = 5.0;
			};
			name = Release;
		};
		C50D70A82B93CE210099B09C /* Debug */ = {
			isa = XCBuildConfiguration;
			buildSettings = {
				ALWAYS_EMBED_SWIFT_STANDARD_LIBRARIES = YES;
				BUNDLE_LOADER = "$(TEST_HOST)";
				CODE_SIGN_STYLE = Automatic;
				CURRENT_PROJECT_VERSION = 1;
				GENERATE_INFOPLIST_FILE = YES;
				MACOSX_DEPLOYMENT_TARGET = 14.2;
				MARKETING_VERSION = 1.0;
				PRODUCT_BUNDLE_IDENTIFIER = "Yash-Verma.Word2Vec4KidsTests";
				PRODUCT_NAME = "$(TARGET_NAME)";
				SWIFT_EMIT_LOC_STRINGS = NO;
				SWIFT_VERSION = 5.0;
				TEST_HOST = "$(BUILT_PRODUCTS_DIR)/Word2Vec4Kids.app/$(BUNDLE_EXECUTABLE_FOLDER_PATH)/Word2Vec4Kids";
			};
			name = Debug;
		};
		C50D70A92B93CE210099B09C /* Release */ = {
			isa = XCBuildConfiguration;
			buildSettings = {
				ALWAYS_EMBED_SWIFT_STANDARD_LIBRARIES = YES;
				BUNDLE_LOADER = "$(TEST_HOST)";
				CODE_SIGN_STYLE = Automatic;
				CURRENT_PROJECT_VERSION = 1;
				GENERATE_INFOPLIST_FILE = YES;
				MACOSX_DEPLOYMENT_TARGET = 14.2;
				MARKETING_VERSION = 1.0;
				PRODUCT_BUNDLE_IDENTIFIER = "Yash-Verma.Word2Vec4KidsTests";
				PRODUCT_NAME = "$(TARGET_NAME)";
				SWIFT_EMIT_LOC_STRINGS = NO;
				SWIFT_VERSION = 5.0;
				TEST_HOST = "$(BUILT_PRODUCTS_DIR)/Word2Vec4Kids.app/$(BUNDLE_EXECUTABLE_FOLDER_PATH)/Word2Vec4Kids";
			};
			name = Release;
		};
		C50D70AB2B93CE210099B09C /* Debug */ = {
			isa = XCBuildConfiguration;
			buildSettings = {
				ALWAYS_EMBED_SWIFT_STANDARD_LIBRARIES = YES;
				CODE_SIGN_STYLE = Automatic;
				CURRENT_PROJECT_VERSION = 1;
				GENERATE_INFOPLIST_FILE = YES;
				MARKETING_VERSION = 1.0;
				PRODUCT_BUNDLE_IDENTIFIER = "Yash-Verma.Word2Vec4KidsUITests";
				PRODUCT_NAME = "$(TARGET_NAME)";
				SWIFT_EMIT_LOC_STRINGS = NO;
				SWIFT_VERSION = 5.0;
				TEST_TARGET_NAME = Word2Vec4Kids;
			};
			name = Debug;
		};
		C50D70AC2B93CE210099B09C /* Release */ = {
			isa = XCBuildConfiguration;
			buildSettings = {
				ALWAYS_EMBED_SWIFT_STANDARD_LIBRARIES = YES;
				CODE_SIGN_STYLE = Automatic;
				CURRENT_PROJECT_VERSION = 1;
				GENERATE_INFOPLIST_FILE = YES;
				MARKETING_VERSION = 1.0;
				PRODUCT_BUNDLE_IDENTIFIER = "Yash-Verma.Word2Vec4KidsUITests";
				PRODUCT_NAME = "$(TARGET_NAME)";
				SWIFT_EMIT_LOC_STRINGS = NO;
				SWIFT_VERSION = 5.0;
				TEST_TARGET_NAME = Word2Vec4Kids;
			};
			name = Release;
		};
/* End XCBuildConfiguration section */

/* Begin XCConfigurationList section */
		C50D707A2B93CE1E0099B09C /* Build configuration list for PBXProject "Word2Vec4Kids" */ = {
			isa = XCConfigurationList;
			buildConfigurations = (
				C50D70A22B93CE210099B09C /* Debug */,
				C50D70A32B93CE210099B09C /* Release */,
			);
			defaultConfigurationIsVisible = 0;
			defaultConfigurationName = Release;
		};
		C50D70A42B93CE210099B09C /* Build configuration list for PBXNativeTarget "Word2Vec4Kids" */ = {
			isa = XCConfigurationList;
			buildConfigurations = (
				C50D70A52B93CE210099B09C /* Debug */,
				C50D70A62B93CE210099B09C /* Release */,
			);
			defaultConfigurationIsVisible = 0;
			defaultConfigurationName = Release;
		};
		C50D70A72B93CE210099B09C /* Build configuration list for PBXNativeTarget "Word2Vec4KidsTests" */ = {
			isa = XCConfigurationList;
			buildConfigurations = (
				C50D70A82B93CE210099B09C /* Debug */,
				C50D70A92B93CE210099B09C /* Release */,
			);
			defaultConfigurationIsVisible = 0;
			defaultConfigurationName = Release;
		};
		C50D70AA2B93CE210099B09C /* Build configuration list for PBXNativeTarget "Word2Vec4KidsUITests" */ = {
			isa = XCConfigurationList;
			buildConfigurations = (
				C50D70AB2B93CE210099B09C /* Debug */,
				C50D70AC2B93CE210099B09C /* Release */,
			);
			defaultConfigurationIsVisible = 0;
			defaultConfigurationName = Release;
		};
/* End XCConfigurationList section */

/* Begin XCRemoteSwiftPackageReference section */
		C50D70B02B93E7BD0099B09C /* XCRemoteSwiftPackageReference "CustomWordEmbeddingPackage" */ = {
			isa = XCRemoteSwiftPackageReference;
			repositoryURL = "https://github.com/nwiatrek/CustomWordEmbeddingPackage.git";
			requirement = {
				branch = main;
				kind = branch;
			};
		};
/* End XCRemoteSwiftPackageReference section */

/* Begin XCSwiftPackageProductDependency section */
		C50D70B12B93E7BD0099B09C /* CustomWordEmbedding */ = {
			isa = XCSwiftPackageProductDependency;
			package = C50D70B02B93E7BD0099B09C /* XCRemoteSwiftPackageReference "CustomWordEmbeddingPackage" */;
			productName = CustomWordEmbedding;
		};
/* End XCSwiftPackageProductDependency section */
	};
	rootObject = C50D70772B93CE1E0099B09C /* Project object */;
}
